{
  "object": {
    "pins": [
      {
        "package": "RealmDatabase",
        "repositoryURL": "https://github.com/realm/realm-core",
        "state": {
          "branch": null,
          "revision": "e9eec444d13ebebc062202407e79b9833428a24e",
          "version": "11.11.0"
        }
      },
      {
        "package": "Realm",
        "repositoryURL": "https://github.com/realm/realm-swift.git",
        "state": {
          "branch": "master",
          "revision": "4a882a41c06212eb9296a2ed780e04f199b14035",
          "version": null
        }
      }
    ]
  },
  "version": 1
}
