// !$*UTF8*$!
{
	archiveVersion = 1;
	classes = {
	};
	objectVersion = 55;
	objects = {

/* Begin PBXBuildFile section */
		176DD45727DCCB4E00F0B6C1 /* RealmProjectApp.swift in Sources */ = {isa = PBXBuildFile; fileRef = 176DD45627DCCB4E00F0B6C1 /* RealmProjectApp.swift */; };
		176DD45927DCCB4E00F0B6C1 /* ContentView.swift in Sources */ = {isa = PBXBuildFile; fileRef = 176DD45827DCCB4E00F0B6C1 /* ContentView.swift */; };
		176DD45B27DCCB5000F0B6C1 /* Assets.xcassets in Resources */ = {isa = PBXBuildFile; fileRef = 176DD45A27DCCB5000F0B6C1 /* Assets.xcassets */; };
		176DD45E27DCCB5000F0B6C1 /* Preview Assets.xcassets in Resources */ = {isa = PBXBuildFile; fileRef = 176DD45D27DCCB5000F0B6C1 /* Preview Assets.xcassets */; };
		176DD46627DCCC1E00F0B6C1 /* Realm in Frameworks */ = {isa = PBXBuildFile; productRef = 176DD46527DCCC1E00F0B6C1 /* Realm */; };
		176DD46827DCCC1E00F0B6C1 /* RealmSwift in Frameworks */ = {isa = PBXBuildFile; productRef = 176DD46727DCCC1E00F0B6C1 /* RealmSwift */; };
		176DD46B27DCCC3F00F0B6C1 /* Item.swift in Sources */ = {isa = PBXBuildFile; fileRef = 176DD46A27DCCC3F00F0B6C1 /* Item.swift */; };
		176DD46D27DCCC5000F0B6C1 /* Group.swift in Sources */ = {isa = PBXBuildFile; fileRef = 176DD46C27DCCC5000F0B6C1 /* Group.swift */; };
		176DD46F27DCCE3500F0B6C1 /* ItemListView.swift in Sources */ = {isa = PBXBuildFile; fileRef = 176DD46E27DCCE3500F0B6C1 /* ItemListView.swift */; };
		176DD47127DCCE4300F0B6C1 /* ItemDetailView.swift in Sources */ = {isa = PBXBuildFile; fileRef = 176DD47027DCCE4300F0B6C1 /* ItemDetailView.swift */; };
		17A5A5AF27E0E5EE000ED700 /* detail.png in Resources */ = {isa = PBXBuildFile; fileRef = 17A5A5AB27E0E5EE000ED700 /* detail.png */; };
		17A5A5B027E0E5EE000ED700 /* delete.png in Resources */ = {isa = PBXBuildFile; fileRef = 17A5A5AC27E0E5EE000ED700 /* delete.png */; };
		17A5A5B127E0E5EE000ED700 /* edit_mode.png in Resources */ = {isa = PBXBuildFile; fileRef = 17A5A5AD27E0E5EE000ED700 /* edit_mode.png */; };
		17A5A5B227E0E5EE000ED700 /* main.png in Resources */ = {isa = PBXBuildFile; fileRef = 17A5A5AE27E0E5EE000ED700 /* main.png */; };
		17B7E2B327DCF2C300AB8CB3 /* ItemResultView.swift in Sources */ = {isa = PBXBuildFile; fileRef = 17B7E2B227DCF2C300AB8CB3 /* ItemResultView.swift */; };
		17B7E2B527DCF42600AB8CB3 /* RealmHelper.swift in Sources */ = {isa = PBXBuildFile; fileRef = 17B7E2B427DCF42600AB8CB3 /* RealmHelper.swift */; };
/* End PBXBuildFile section */

/* Begin PBXFileReference section */
		176DD45327DCCB4E00F0B6C1 /* RealmProject.app */ = {isa = PBXFileReference; explicitFileType = wrapper.application; includeInIndex = 0; path = RealmProject.app; sourceTree = BUILT_PRODUCTS_DIR; };
		176DD45627DCCB4E00F0B6C1 /* RealmProjectApp.swift */ = {isa = PBXFileReference; lastKnownFileType = sourcecode.swift; path = RealmProjectApp.swift; sourceTree = "<group>"; };
		176DD45827DCCB4E00F0B6C1 /* ContentView.swift */ = {isa = PBXFileReference; lastKnownFileType = sourcecode.swift; path = ContentView.swift; sourceTree = "<group>"; };
		176DD45A27DCCB5000F0B6C1 /* Assets.xcassets */ = {isa = PBXFileReference; lastKnownFileType = folder.assetcatalog; path = Assets.xcassets; sourceTree = "<group>"; };
		176DD45D27DCCB5000F0B6C1 /* Preview Assets.xcassets */ = {isa = PBXFileReference; lastKnownFileType = folder.assetcatalog; path = "Preview Assets.xcassets"; sourceTree = "<group>"; };
		176DD46A27DCCC3F00F0B6C1 /* Item.swift */ = {isa = PBXFileReference; lastKnownFileType = sourcecode.swift; path = Item.swift; sourceTree = "<group>"; };
		176DD46C27DCCC5000F0B6C1 /* Group.swift */ = {isa = PBXFileReference; lastKnownFileType = sourcecode.swift; path = Group.swift; sourceTree = "<group>"; };
		176DD46E27DCCE3500F0B6C1 /* ItemListView.swift */ = {isa = PBXFileReference; lastKnownFileType = sourcecode.swift; path = ItemListView.swift; sourceTree = "<group>"; };
		176DD47027DCCE4300F0B6C1 /* ItemDetailView.swift */ = {isa = PBXFileReference; lastKnownFileType = sourcecode.swift; path = ItemDetailView.swift; sourceTree = "<group>"; };
		17A5A5AB27E0E5EE000ED700 /* detail.png */ = {isa = PBXFileReference; lastKnownFileType = image.png; path = detail.png; sourceTree = "<group>"; };
		17A5A5AC27E0E5EE000ED700 /* delete.png */ = {isa = PBXFileReference; lastKnownFileType = image.png; path = delete.png; sourceTree = "<group>"; };
		17A5A5AD27E0E5EE000ED700 /* edit_mode.png */ = {isa = PBXFileReference; lastKnownFileType = image.png; path = edit_mode.png; sourceTree = "<group>"; };
		17A5A5AE27E0E5EE000ED700 /* main.png */ = {isa = PBXFileReference; lastKnownFileType = image.png; path = main.png; sourceTree = "<group>"; };
		17A5A5B327E0E5F4000ED700 /* list_sorting.mp4 */ = {isa = PBXFileReference; lastKnownFileType = file; path = list_sorting.mp4; sourceTree = "<group>"; };
		17B7E2B227DCF2C300AB8CB3 /* ItemResultView.swift */ = {isa = PBXFileReference; lastKnownFileType = sourcecode.swift; path = ItemResultView.swift; sourceTree = "<group>"; };
		17B7E2B427DCF42600AB8CB3 /* RealmHelper.swift */ = {isa = PBXFileReference; lastKnownFileType = sourcecode.swift; path = RealmHelper.swift; sourceTree = "<group>"; };
/* End PBXFileReference section */

/* Begin PBXFrameworksBuildPhase section */
		176DD45027DCCB4E00F0B6C1 /* Frameworks */ = {
			isa = PBXFrameworksBuildPhase;
			buildActionMask = 2147483647;
			files = (
				176DD46827DCCC1E00F0B6C1 /* RealmSwift in Frameworks */,
				176DD46627DCCC1E00F0B6C1 /* Realm in Frameworks */,
			);
			runOnlyForDeploymentPostprocessing = 0;
		};
/* End PBXFrameworksBuildPhase section */

/* Begin PBXGroup section */
		176DD44A27DCCB4E00F0B6C1 = {
			isa = PBXGroup;
			children = (
				17A5A5AA27E0E5E8000ED700 /* images */,
				176DD45527DCCB4E00F0B6C1 /* RealmProject */,
				176DD45427DCCB4E00F0B6C1 /* Products */,
			);
			sourceTree = "<group>";
		};
		176DD45427DCCB4E00F0B6C1 /* Products */ = {
			isa = PBXGroup;
			children = (
				176DD45327DCCB4E00F0B6C1 /* RealmProject.app */,
			);
			name = Products;
			sourceTree = "<group>";
		};
		176DD45527DCCB4E00F0B6C1 /* RealmProject */ = {
			isa = PBXGroup;
			children = (
				176DD45627DCCB4E00F0B6C1 /* RealmProjectApp.swift */,
				176DD45827DCCB4E00F0B6C1 /* ContentView.swift */,
				176DD46E27DCCE3500F0B6C1 /* ItemListView.swift */,
				17B7E2B227DCF2C300AB8CB3 /* ItemResultView.swift */,
				176DD47027DCCE4300F0B6C1 /* ItemDetailView.swift */,
				17B7E2B427DCF42600AB8CB3 /* RealmHelper.swift */,
				176DD45A27DCCB5000F0B6C1 /* Assets.xcassets */,
				176DD46927DCCC2D00F0B6C1 /* model */,
				176DD45C27DCCB5000F0B6C1 /* Preview Content */,
			);
			path = RealmProject;
			sourceTree = "<group>";
		};
		176DD45C27DCCB5000F0B6C1 /* Preview Content */ = {
			isa = PBXGroup;
			children = (
				176DD45D27DCCB5000F0B6C1 /* Preview Assets.xcassets */,
			);
			path = "Preview Content";
			sourceTree = "<group>";
		};
		176DD46927DCCC2D00F0B6C1 /* model */ = {
			isa = PBXGroup;
			children = (
				176DD46A27DCCC3F00F0B6C1 /* Item.swift */,
				176DD46C27DCCC5000F0B6C1 /* Group.swift */,
			);
			path = model;
			sourceTree = "<group>";
		};
		17A5A5AA27E0E5E8000ED700 /* images */ = {
			isa = PBXGroup;
			children = (
				17A5A5AC27E0E5EE000ED700 /* delete.png */,
				17A5A5AB27E0E5EE000ED700 /* detail.png */,
				17A5A5AD27E0E5EE000ED700 /* edit_mode.png */,
				17A5A5AE27E0E5EE000ED700 /* main.png */,
				17A5A5B327E0E5F4000ED700 /* list_sorting.mp4 */,
			);
			path = images;
			sourceTree = "<group>";
		};
/* End PBXGroup section */

/* Begin PBXNativeTarget section */
		176DD45227DCCB4E00F0B6C1 /* RealmProject */ = {
			isa = PBXNativeTarget;
			buildConfigurationList = 176DD46127DCCB5000F0B6C1 /* Build configuration list for PBXNativeTarget "RealmProject" */;
			buildPhases = (
				176DD44F27DCCB4E00F0B6C1 /* Sources */,
				176DD45027DCCB4E00F0B6C1 /* Frameworks */,
				176DD45127DCCB4E00F0B6C1 /* Resources */,
			);
			buildRules = (
			);
			dependencies = (
			);
			name = RealmProject;
			packageProductDependencies = (
				176DD46527DCCC1E00F0B6C1 /* Realm */,
				176DD46727DCCC1E00F0B6C1 /* RealmSwift */,
			);
			productName = RealmProject;
			productReference = 176DD45327DCCB4E00F0B6C1 /* RealmProject.app */;
			productType = "com.apple.product-type.application";
		};
/* End PBXNativeTarget section */

/* Begin PBXProject section */
		176DD44B27DCCB4E00F0B6C1 /* Project object */ = {
			isa = PBXProject;
			attributes = {
				BuildIndependentTargetsInParallel = 1;
				LastSwiftUpdateCheck = 1320;
				LastUpgradeCheck = 1320;
				TargetAttributes = {
					176DD45227DCCB4E00F0B6C1 = {
						CreatedOnToolsVersion = 13.2.1;
					};
				};
			};
			buildConfigurationList = 176DD44E27DCCB4E00F0B6C1 /* Build configuration list for PBXProject "RealmProject" */;
			compatibilityVersion = "Xcode 13.0";
			developmentRegion = en;
			hasScannedForEncodings = 0;
			knownRegions = (
				en,
				Base,
			);
			mainGroup = 176DD44A27DCCB4E00F0B6C1;
			packageReferences = (
				176DD46427DCCC1E00F0B6C1 /* XCRemoteSwiftPackageReference "realm-swift" */,
			);
			productRefGroup = 176DD45427DCCB4E00F0B6C1 /* Products */;
			projectDirPath = "";
			projectRoot = "";
			targets = (
				176DD45227DCCB4E00F0B6C1 /* RealmProject */,
			);
		};
/* End PBXProject section */

/* Begin PBXResourcesBuildPhase section */
		176DD45127DCCB4E00F0B6C1 /* Resources */ = {
			isa = PBXResourcesBuildPhase;
			buildActionMask = 2147483647;
			files = (
				17A5A5B027E0E5EE000ED700 /* delete.png in Resources */,
				176DD45E27DCCB5000F0B6C1 /* Preview Assets.xcassets in Resources */,
				17A5A5B227E0E5EE000ED700 /* main.png in Resources */,
				176DD45B27DCCB5000F0B6C1 /* Assets.xcassets in Resources */,
				17A5A5B127E0E5EE000ED700 /* edit_mode.png in Resources */,
				17A5A5AF27E0E5EE000ED700 /* detail.png in Resources */,
			);
			runOnlyForDeploymentPostprocessing = 0;
		};
/* End PBXResourcesBuildPhase section */

/* Begin PBXSourcesBuildPhase section */
		176DD44F27DCCB4E00F0B6C1 /* Sources */ = {
			isa = PBXSourcesBuildPhase;
			buildActionMask = 2147483647;
			files = (
				17B7E2B327DCF2C300AB8CB3 /* ItemResultView.swift in Sources */,
				176DD47127DCCE4300F0B6C1 /* ItemDetailView.swift in Sources */,
				176DD46F27DCCE3500F0B6C1 /* ItemListView.swift in Sources */,
				176DD45927DCCB4E00F0B6C1 /* ContentView.swift in Sources */,
				176DD46B27DCCC3F00F0B6C1 /* Item.swift in Sources */,
				17B7E2B527DCF42600AB8CB3 /* RealmHelper.swift in Sources */,
				176DD45727DCCB4E00F0B6C1 /* RealmProjectApp.swift in Sources */,
				176DD46D27DCCC5000F0B6C1 /* Group.swift in Sources */,
			);
			runOnlyForDeploymentPostprocessing = 0;
		};
/* End PBXSourcesBuildPhase section */

/* Begin XCBuildConfiguration section */
		176DD45F27DCCB5000F0B6C1 /* Debug */ = {
			isa = XCBuildConfiguration;
			buildSettings = {
				ALWAYS_SEARCH_USER_PATHS = NO;
				CLANG_ANALYZER_NONNULL = YES;
				CLANG_ANALYZER_NUMBER_OBJECT_CONVERSION = YES_AGGRESSIVE;
				CLANG_CXX_LANGUAGE_STANDARD = "gnu++17";
				CLANG_CXX_LIBRARY = "libc++";
				CLANG_ENABLE_MODULES = YES;
				CLANG_ENABLE_OBJC_ARC = YES;
				CLANG_ENABLE_OBJC_WEAK = YES;
				CLANG_WARN_BLOCK_CAPTURE_AUTORELEASING = YES;
				CLANG_WARN_BOOL_CONVERSION = YES;
				CLANG_WARN_COMMA = YES;
				CLANG_WARN_CONSTANT_CONVERSION = YES;
				CLANG_WARN_DEPRECATED_OBJC_IMPLEMENTATIONS = YES;
				CLANG_WARN_DIRECT_OBJC_ISA_USAGE = YES_ERROR;
				CLANG_WARN_DOCUMENTATION_COMMENTS = YES;
				CLANG_WARN_EMPTY_BODY = YES;
				CLANG_WARN_ENUM_CONVERSION = YES;
				CLANG_WARN_INFINITE_RECURSION = YES;
				CLANG_WARN_INT_CONVERSION = YES;
				CLANG_WARN_NON_LITERAL_NULL_CONVERSION = YES;
				CLANG_WARN_OBJC_IMPLICIT_RETAIN_SELF = YES;
				CLANG_WARN_OBJC_LITERAL_CONVERSION = YES;
				CLANG_WARN_OBJC_ROOT_CLASS = YES_ERROR;
				CLANG_WARN_QUOTED_INCLUDE_IN_FRAMEWORK_HEADER = YES;
				CLANG_WARN_RANGE_LOOP_ANALYSIS = YES;
				CLANG_WARN_STRICT_PROTOTYPES = YES;
				CLANG_WARN_SUSPICIOUS_MOVE = YES;
				CLANG_WARN_UNGUARDED_AVAILABILITY = YES_AGGRESSIVE;
				CLANG_WARN_UNREACHABLE_CODE = YES;
				CLANG_WARN__DUPLICATE_METHOD_MATCH = YES;
				COPY_PHASE_STRIP = NO;
				DEBUG_INFORMATION_FORMAT = dwarf;
				ENABLE_STRICT_OBJC_MSGSEND = YES;
				ENABLE_TESTABILITY = YES;
				GCC_C_LANGUAGE_STANDARD = gnu11;
				GCC_DYNAMIC_NO_PIC = NO;
				GCC_NO_COMMON_BLOCKS = YES;
				GCC_OPTIMIZATION_LEVEL = 0;
				GCC_PREPROCESSOR_DEFINITIONS = (
					"DEBUG=1",
					"$(inherited)",
				);
				GCC_WARN_64_TO_32_BIT_CONVERSION = YES;
				GCC_WARN_ABOUT_RETURN_TYPE = YES_ERROR;
				GCC_WARN_UNDECLARED_SELECTOR = YES;
				GCC_WARN_UNINITIALIZED_AUTOS = YES_AGGRESSIVE;
				GCC_WARN_UNUSED_FUNCTION = YES;
				GCC_WARN_UNUSED_VARIABLE = YES;
				IPHONEOS_DEPLOYMENT_TARGET = 15.2;
				MTL_ENABLE_DEBUG_INFO = INCLUDE_SOURCE;
				MTL_FAST_MATH = YES;
				ONLY_ACTIVE_ARCH = YES;
				SDKROOT = iphoneos;
				SWIFT_ACTIVE_COMPILATION_CONDITIONS = DEBUG;
				SWIFT_OPTIMIZATION_LEVEL = "-Onone";
			};
			name = Debug;
		};
		176DD46027DCCB5000F0B6C1 /* Release */ = {
			isa = XCBuildConfiguration;
			buildSettings = {
				ALWAYS_SEARCH_USER_PATHS = NO;
				CLANG_ANALYZER_NONNULL = YES;
				CLANG_ANALYZER_NUMBER_OBJECT_CONVERSION = YES_AGGRESSIVE;
				CLANG_CXX_LANGUAGE_STANDARD = "gnu++17";
				CLANG_CXX_LIBRARY = "libc++";
				CLANG_ENABLE_MODULES = YES;
				CLANG_ENABLE_OBJC_ARC = YES;
				CLANG_ENABLE_OBJC_WEAK = YES;
				CLANG_WARN_BLOCK_CAPTURE_AUTORELEASING = YES;
				CLANG_WARN_BOOL_CONVERSION = YES;
				CLANG_WARN_COMMA = YES;
				CLANG_WARN_CONSTANT_CONVERSION = YES;
				CLANG_WARN_DEPRECATED_OBJC_IMPLEMENTATIONS = YES;
				CLANG_WARN_DIRECT_OBJC_ISA_USAGE = YES_ERROR;
				CLANG_WARN_DOCUMENTATION_COMMENTS = YES;
				CLANG_WARN_EMPTY_BODY = YES;
				CLANG_WARN_ENUM_CONVERSION = YES;
				CLANG_WARN_INFINITE_RECURSION = YES;
				CLANG_WARN_INT_CONVERSION = YES;
				CLANG_WARN_NON_LITERAL_NULL_CONVERSION = YES;
				CLANG_WARN_OBJC_IMPLICIT_RETAIN_SELF = YES;
				CLANG_WARN_OBJC_LITERAL_CONVERSION = YES;
				CLANG_WARN_OBJC_ROOT_CLASS = YES_ERROR;
				CLANG_WARN_QUOTED_INCLUDE_IN_FRAMEWORK_HEADER = YES;
				CLANG_WARN_RANGE_LOOP_ANALYSIS = YES;
				CLANG_WARN_STRICT_PROTOTYPES = YES;
				CLANG_WARN_SUSPICIOUS_MOVE = YES;
				CLANG_WARN_UNGUARDED_AVAILABILITY = YES_AGGRESSIVE;
				CLANG_WARN_UNREACHABLE_CODE = YES;
				CLANG_WARN__DUPLICATE_METHOD_MATCH = YES;
				COPY_PHASE_STRIP = NO;
				DEBUG_INFORMATION_FORMAT = "dwarf-with-dsym";
				ENABLE_NS_ASSERTIONS = NO;
				ENABLE_STRICT_OBJC_MSGSEND = YES;
				GCC_C_LANGUAGE_STANDARD = gnu11;
				GCC_NO_COMMON_BLOCKS = YES;
				GCC_WARN_64_TO_32_BIT_CONVERSION = YES;
				GCC_WARN_ABOUT_RETURN_TYPE = YES_ERROR;
				GCC_WARN_UNDECLARED_SELECTOR = YES;
				GCC_WARN_UNINITIALIZED_AUTOS = YES_AGGRESSIVE;
				GCC_WARN_UNUSED_FUNCTION = YES;
				GCC_WARN_UNUSED_VARIABLE = YES;
				IPHONEOS_DEPLOYMENT_TARGET = 15.2;
				MTL_ENABLE_DEBUG_INFO = NO;
				MTL_FAST_MATH = YES;
				SDKROOT = iphoneos;
				SWIFT_COMPILATION_MODE = wholemodule;
				SWIFT_OPTIMIZATION_LEVEL = "-O";
				VALIDATE_PRODUCT = YES;
			};
			name = Release;
		};
		176DD46227DCCB5000F0B6C1 /* Debug */ = {
			isa = XCBuildConfiguration;
			buildSettings = {
				ASSETCATALOG_COMPILER_APPICON_NAME = AppIcon;
				ASSETCATALOG_COMPILER_GLOBAL_ACCENT_COLOR_NAME = AccentColor;
				CODE_SIGN_STYLE = Automatic;
				CURRENT_PROJECT_VERSION = 1;
				DEVELOPMENT_ASSET_PATHS = "\"RealmProject/Preview Content\"";
				DEVELOPMENT_TEAM = 2ZB33FC454;
				ENABLE_PREVIEWS = YES;
				GENERATE_INFOPLIST_FILE = YES;
				INFOPLIST_KEY_UIApplicationSceneManifest_Generation = YES;
				INFOPLIST_KEY_UIApplicationSupportsIndirectInputEvents = YES;
				INFOPLIST_KEY_UILaunchScreen_Generation = YES;
				INFOPLIST_KEY_UISupportedInterfaceOrientations_iPad = "UIInterfaceOrientationPortrait UIInterfaceOrientationPortraitUpsideDown UIInterfaceOrientationLandscapeLeft UIInterfaceOrientationLandscapeRight";
				INFOPLIST_KEY_UISupportedInterfaceOrientations_iPhone = "UIInterfaceOrientationPortrait UIInterfaceOrientationLandscapeLeft UIInterfaceOrientationLandscapeRight";
				LD_RUNPATH_SEARCH_PATHS = (
					"$(inherited)",
					"@executable_path/Frameworks",
				);
				MARKETING_VERSION = 1.0;
				PRODUCT_BUNDLE_IDENTIFIER = com.karinprater.RealmProject;
				PRODUCT_NAME = "$(TARGET_NAME)";
				SWIFT_EMIT_LOC_STRINGS = YES;
				SWIFT_VERSION = 5.0;
				TARGETED_DEVICE_FAMILY = "1,2";
			};
			name = Debug;
		};
		176DD46327DCCB5000F0B6C1 /* Release */ = {
			isa = XCBuildConfiguration;
			buildSettings = {
				ASSETCATALOG_COMPILER_APPICON_NAME = AppIcon;
				ASSETCATALOG_COMPILER_GLOBAL_ACCENT_COLOR_NAME = AccentColor;
				CODE_SIGN_STYLE = Automatic;
				CURRENT_PROJECT_VERSION = 1;
				DEVELOPMENT_ASSET_PATHS = "\"RealmProject/Preview Content\"";
				DEVELOPMENT_TEAM = 2ZB33FC454;
				ENABLE_PREVIEWS = YES;
				GENERATE_INFOPLIST_FILE = YES;
				INFOPLIST_KEY_UIApplicationSceneManifest_Generation = YES;
				INFOPLIST_KEY_UIApplicationSupportsIndirectInputEvents = YES;
				INFOPLIST_KEY_UILaunchScreen_Generation = YES;
				INFOPLIST_KEY_UISupportedInterfaceOrientations_iPad = "UIInterfaceOrientationPortrait UIInterfaceOrientationPortraitUpsideDown UIInterfaceOrientationLandscapeLeft UIInterfaceOrientationLandscapeRight";
				INFOPLIST_KEY_UISupportedInterfaceOrientations_iPhone = "UIInterfaceOrientationPortrait UIInterfaceOrientationLandscapeLeft UIInterfaceOrientationLandscapeRight";
				LD_RUNPATH_SEARCH_PATHS = (
					"$(inherited)",
					"@executable_path/Frameworks",
				);
				MARKETING_VERSION = 1.0;
				PRODUCT_BUNDLE_IDENTIFIER = com.karinprater.RealmProject;
				PRODUCT_NAME = "$(TARGET_NAME)";
				SWIFT_EMIT_LOC_STRINGS = YES;
				SWIFT_VERSION = 5.0;
				TARGETED_DEVICE_FAMILY = "1,2";
			};
			name = Release;
		};
/* End XCBuildConfiguration section */

/* Begin XCConfigurationList section */
		176DD44E27DCCB4E00F0B6C1 /* Build configuration list for PBXProject "RealmProject" */ = {
			isa = XCConfigurationList;
			buildConfigurations = (
				176DD45F27DCCB5000F0B6C1 /* Debug */,
				176DD46027DCCB5000F0B6C1 /* Release */,
			);
			defaultConfigurationIsVisible = 0;
			defaultConfigurationName = Release;
		};
		176DD46127DCCB5000F0B6C1 /* Build configuration list for PBXNativeTarget "RealmProject" */ = {
			isa = XCConfigurationList;
			buildConfigurations = (
				176DD46227DCCB5000F0B6C1 /* Debug */,
				176DD46327DCCB5000F0B6C1 /* Release */,
			);
			defaultConfigurationIsVisible = 0;
			defaultConfigurationName = Release;
		};
/* End XCConfigurationList section */

/* Begin XCRemoteSwiftPackageReference section */
		176DD46427DCCC1E00F0B6C1 /* XCRemoteSwiftPackageReference "realm-swift" */ = {
			isa = XCRemoteSwiftPackageReference;
			repositoryURL = "https://github.com/realm/realm-swift.git";
			requirement = {
				branch = master;
				kind = branch;
			};
		};
/* End XCRemoteSwiftPackageReference section */

/* Begin XCSwiftPackageProductDependency section */
		176DD46527DCCC1E00F0B6C1 /* Realm */ = {
			isa = XCSwiftPackageProductDependency;
			package = 176DD46427DCCC1E00F0B6C1 /* XCRemoteSwiftPackageReference "realm-swift" */;
			productName = Realm;
		};
		176DD46727DCCC1E00F0B6C1 /* RealmSwift */ = {
			isa = XCSwiftPackageProductDependency;
			package = 176DD46427DCCC1E00F0B6C1 /* XCRemoteSwiftPackageReference "realm-swift" */;
			productName = RealmSwift;
		};
/* End XCSwiftPackageProductDependency section */
	};
	rootObject = 176DD44B27DCCB4E00F0B6C1 /* Project object */;
}
